// !$*UTF8*$!
{
	archiveVersion = 1;
	classes = {
	};
	objectVersion = 50;
	objects = {

/* Begin PBXBuildFile section */
		F454086F22DAC8E8002693B3 /* Main.storyboard in Resources */ = {isa = PBXBuildFile; fileRef = F454086E22DAC8E8002693B3 /* Main.storyboard */; };
		F454087122DADEF3002693B3 /* ShareViewController.swift in Sources */ = {isa = PBXBuildFile; fileRef = F454087022DADEF3002693B3 /* ShareViewController.swift */; };
		F454087322DAE02A002693B3 /* CommentViewController.swift in Sources */ = {isa = PBXBuildFile; fileRef = F454087222DAE02A002693B3 /* CommentViewController.swift */; };
		F454087522DAE445002693B3 /* confirmationsound.mp3 in Resources */ = {isa = PBXBuildFile; fileRef = F454087422DAE444002693B3 /* confirmationsound.mp3 */; };
		F454087822DAE4B8002693B3 /* AVFoundation.framework in Frameworks */ = {isa = PBXBuildFile; fileRef = F454087722DAE4B8002693B3 /* AVFoundation.framework */; };
		F4CA941A22D7AE60000E54AC /* AppDelegate.swift in Sources */ = {isa = PBXBuildFile; fileRef = F4CA941922D7AE60000E54AC /* AppDelegate.swift */; };
		F4CA941C22D7AE60000E54AC /* ViewController.swift in Sources */ = {isa = PBXBuildFile; fileRef = F4CA941B22D7AE60000E54AC /* ViewController.swift */; };
		F4CA942122D7AE61000E54AC /* Assets.xcassets in Resources */ = {isa = PBXBuildFile; fileRef = F4CA942022D7AE61000E54AC /* Assets.xcassets */; };
		F4CA942422D7AE61000E54AC /* LaunchScreen.storyboard in Resources */ = {isa = PBXBuildFile; fileRef = F4CA942222D7AE61000E54AC /* LaunchScreen.storyboard */; };
/* End PBXBuildFile section */

/* Begin PBXFileReference section */
		F454086E22DAC8E8002693B3 /* Main.storyboard */ = {isa = PBXFileReference; fileEncoding = 4; lastKnownFileType = file.storyboard; path = Main.storyboard; sourceTree = "<group>"; };
		F454087022DADEF3002693B3 /* ShareViewController.swift */ = {isa = PBXFileReference; lastKnownFileType = sourcecode.swift; path = ShareViewController.swift; sourceTree = "<group>"; };
		F454087222DAE02A002693B3 /* CommentViewController.swift */ = {isa = PBXFileReference; lastKnownFileType = sourcecode.swift; path = CommentViewController.swift; sourceTree = "<group>"; };
		F454087422DAE444002693B3 /* confirmationsound.mp3 */ = {isa = PBXFileReference; lastKnownFileType = audio.mp3; path = confirmationsound.mp3; sourceTree = "<group>"; };
		F454087722DAE4B8002693B3 /* AVFoundation.framework */ = {isa = PBXFileReference; lastKnownFileType = wrapper.framework; name = AVFoundation.framework; path = System/Library/Frameworks/AVFoundation.framework; sourceTree = SDKROOT; };
		F4CA941622D7AE60000E54AC /* Voice Assistant.app */ = {isa = PBXFileReference; explicitFileType = wrapper.application; includeInIndex = 0; path = "Voice Assistant.app"; sourceTree = BUILT_PRODUCTS_DIR; };
		F4CA941922D7AE60000E54AC /* AppDelegate.swift */ = {isa = PBXFileReference; lastKnownFileType = sourcecode.swift; path = AppDelegate.swift; sourceTree = "<group>"; };
		F4CA941B22D7AE60000E54AC /* ViewController.swift */ = {isa = PBXFileReference; lastKnownFileType = sourcecode.swift; path = ViewController.swift; sourceTree = "<group>"; };
		F4CA942022D7AE61000E54AC /* Assets.xcassets */ = {isa = PBXFileReference; lastKnownFileType = folder.assetcatalog; path = Assets.xcassets; sourceTree = "<group>"; };
		F4CA942322D7AE61000E54AC /* Base */ = {isa = PBXFileReference; lastKnownFileType = file.storyboard; name = Base; path = Base.lproj/LaunchScreen.storyboard; sourceTree = "<group>"; };
		F4CA942522D7AE61000E54AC /* Info.plist */ = {isa = PBXFileReference; lastKnownFileType = text.plist.xml; path = Info.plist; sourceTree = "<group>"; };
/* End PBXFileReference section */

/* Begin PBXFrameworksBuildPhase section */
		F4CA941322D7AE60000E54AC /* Frameworks */ = {
			isa = PBXFrameworksBuildPhase;
			buildActionMask = 2147483647;
			files = (
				F454087822DAE4B8002693B3 /* AVFoundation.framework in Frameworks */,
			);
			runOnlyForDeploymentPostprocessing = 0;
		};
/* End PBXFrameworksBuildPhase section */

/* Begin PBXGroup section */
		F454087622DAE4B8002693B3 /* Frameworks */ = {
			isa = PBXGroup;
			children = (
				F454087722DAE4B8002693B3 /* AVFoundation.framework */,
			);
			name = Frameworks;
			sourceTree = "<group>";
		};
		F4CA940D22D7AE60000E54AC = {
			isa = PBXGroup;
			children = (
				F4CA941822D7AE60000E54AC /* Voice Assistant */,
				F4CA941722D7AE60000E54AC /* Products */,
				F454087622DAE4B8002693B3 /* Frameworks */,
			);
			sourceTree = "<group>";
		};
		F4CA941722D7AE60000E54AC /* Products */ = {
			isa = PBXGroup;
			children = (
				F4CA941622D7AE60000E54AC /* Voice Assistant.app */,
			);
			name = Products;
			sourceTree = "<group>";
		};
		F4CA941822D7AE60000E54AC /* Voice Assistant */ = {
			isa = PBXGroup;
			children = (
				F4CA941922D7AE60000E54AC /* AppDelegate.swift */,
				F4CA941B22D7AE60000E54AC /* ViewController.swift */,
				F454086E22DAC8E8002693B3 /* Main.storyboard */,
				F4CA942022D7AE61000E54AC /* Assets.xcassets */,
				F4CA942222D7AE61000E54AC /* LaunchScreen.storyboard */,
				F4CA942522D7AE61000E54AC /* Info.plist */,
				F454087422DAE444002693B3 /* confirmationsound.mp3 */,
				F454087022DADEF3002693B3 /* ShareViewController.swift */,
				F454087222DAE02A002693B3 /* CommentViewController.swift */,
			);
			path = "Voice Assistant";
			sourceTree = "<group>";
		};
/* End PBXGroup section */

/* Begin PBXNativeTarget section */
		F4CA941522D7AE60000E54AC /* Voice Assistant */ = {
			isa = PBXNativeTarget;
			buildConfigurationList = F4CA942822D7AE61000E54AC /* Build configuration list for PBXNativeTarget "Voice Assistant" */;
			buildPhases = (
				F4CA941222D7AE60000E54AC /* Sources */,
				F4CA941322D7AE60000E54AC /* Frameworks */,
				F4CA941422D7AE60000E54AC /* Resources */,
			);
			buildRules = (
			);
			dependencies = (
			);
			name = "Voice Assistant";
			productName = "Voice Assistant";
			productReference = F4CA941622D7AE60000E54AC /* Voice Assistant.app */;
			productType = "com.apple.product-type.application";
		};
/* End PBXNativeTarget section */

/* Begin PBXProject section */
		F4CA940E22D7AE60000E54AC /* Project object */ = {
			isa = PBXProject;
			attributes = {
				LastSwiftUpdateCheck = 1020;
				LastUpgradeCheck = 1020;
				ORGANIZATIONNAME = "Abshir Mohamed";
				TargetAttributes = {
					F4CA941522D7AE60000E54AC = {
						CreatedOnToolsVersion = 10.2.1;
					};
				};
			};
			buildConfigurationList = F4CA941122D7AE60000E54AC /* Build configuration list for PBXProject "Voice Assistant" */;
			compatibilityVersion = "Xcode 9.3";
			developmentRegion = en;
			hasScannedForEncodings = 0;
			knownRegions = (
				en,
				Base,
			);
			mainGroup = F4CA940D22D7AE60000E54AC;
			productRefGroup = F4CA941722D7AE60000E54AC /* Products */;
			projectDirPath = "";
			projectRoot = "";
			targets = (
				F4CA941522D7AE60000E54AC /* Voice Assistant */,
			);
		};
/* End PBXProject section */

/* Begin PBXResourcesBuildPhase section */
		F4CA941422D7AE60000E54AC /* Resources */ = {
			isa = PBXResourcesBuildPhase;
			buildActionMask = 2147483647;
			files = (
				F454086F22DAC8E8002693B3 /* Main.storyboard in Resources */,
				F454087522DAE445002693B3 /* confirmationsound.mp3 in Resources */,
				F4CA942422D7AE61000E54AC /* LaunchScreen.storyboard in Resources */,
				F4CA942122D7AE61000E54AC /* Assets.xcassets in Resources */,
			);
			runOnlyForDeploymentPostprocessing = 0;
		};
/* End PBXResourcesBuildPhase section */

/* Begin PBXSourcesBuildPhase section */
		F4CA941222D7AE60000E54AC /* Sources */ = {
			isa = PBXSourcesBuildPhase;
			buildActionMask = 2147483647;
			files = (
				F454087322DAE02A002693B3 /* CommentViewController.swift in Sources */,
				F454087122DADEF3002693B3 /* ShareViewController.swift in Sources */,
				F4CA941C22D7AE60000E54AC /* ViewController.swift in Sources */,
				F4CA941A22D7AE60000E54AC /* AppDelegate.swift in Sources */,
			);
			runOnlyForDeploymentPostprocessing = 0;
		};
/* End PBXSourcesBuildPhase section */

/* Begin PBXVariantGroup section */
		F4CA942222D7AE61000E54AC /* LaunchScreen.storyboard */ = {
			isa = PBXVariantGroup;
			children = (
				F4CA942322D7AE61000E54AC /* Base */,
			);
			name = LaunchScreen.storyboard;
			sourceTree = "<group>";
		};
/* End PBXVariantGroup section */

/* Begin XCBuildConfiguration section */
		F4CA942622D7AE61000E54AC /* Debug */ = {
			isa = XCBuildConfiguration;
			buildSettings = {
				ALWAYS_SEARCH_USER_PATHS = NO;
				CLANG_ANALYZER_NONNULL = YES;
				CLANG_ANALYZER_NUMBER_OBJECT_CONVERSION = YES_AGGRESSIVE;
				CLANG_CXX_LANGUAGE_STANDARD = "gnu++14";
				CLANG_CXX_LIBRARY = "libc++";
				CLANG_ENABLE_MODULES = YES;
				CLANG_ENABLE_OBJC_ARC = YES;
				CLANG_ENABLE_OBJC_WEAK = YES;
				CLANG_WARN_BLOCK_CAPTURE_AUTORELEASING = YES;
				CLANG_WARN_BOOL_CONVERSION = YES;
				CLANG_WARN_COMMA = YES;
				CLANG_WARN_CONSTANT_CONVERSION = YES;
				CLANG_WARN_DEPRECATED_OBJC_IMPLEMENTATIONS = YES;
				CLANG_WARN_DIRECT_OBJC_ISA_USAGE = YES_ERROR;
				CLANG_WARN_DOCUMENTATION_COMMENTS = YES;
				CLANG_WARN_EMPTY_BODY = YES;
				CLANG_WARN_ENUM_CONVERSION = YES;
				CLANG_WARN_INFINITE_RECURSION = YES;
				CLANG_WARN_INT_CONVERSION = YES;
				CLANG_WARN_NON_LITERAL_NULL_CONVERSION = YES;
				CLANG_WARN_OBJC_IMPLICIT_RETAIN_SELF = YES;
				CLANG_WARN_OBJC_LITERAL_CONVERSION = YES;
				CLANG_WARN_OBJC_ROOT_CLASS = YES_ERROR;
				CLANG_WARN_RANGE_LOOP_ANALYSIS = YES;
				CLANG_WARN_STRICT_PROTOTYPES = YES;
				CLANG_WARN_SUSPICIOUS_MOVE = YES;
				CLANG_WARN_UNGUARDED_AVAILABILITY = YES_AGGRESSIVE;
				CLANG_WARN_UNREACHABLE_CODE = YES;
				CLANG_WARN__DUPLICATE_METHOD_MATCH = YES;
				CODE_SIGN_IDENTITY = "iPhone Developer";
				COPY_PHASE_STRIP = NO;
				DEBUG_INFORMATION_FORMAT = dwarf;
				ENABLE_STRICT_OBJC_MSGSEND = YES;
				ENABLE_TESTABILITY = YES;
				GCC_C_LANGUAGE_STANDARD = gnu11;
				GCC_DYNAMIC_NO_PIC = NO;
				GCC_NO_COMMON_BLOCKS = YES;
				GCC_OPTIMIZATION_LEVEL = 0;
				GCC_PREPROCESSOR_DEFINITIONS = (
					"DEBUG=1",
					"$(inherited)",
				);
				GCC_WARN_64_TO_32_BIT_CONVERSION = YES;
				GCC_WARN_ABOUT_RETURN_TYPE = YES_ERROR;
				GCC_WARN_UNDECLARED_SELECTOR = YES;
				GCC_WARN_UNINITIALIZED_AUTOS = YES_AGGRESSIVE;
				GCC_WARN_UNUSED_FUNCTION = YES;
				GCC_WARN_UNUSED_VARIABLE = YES;
				IPHONEOS_DEPLOYMENT_TARGET = 12.2;
				MTL_ENABLE_DEBUG_INFO = INCLUDE_SOURCE;
				MTL_FAST_MATH = YES;
				ONLY_ACTIVE_ARCH = YES;
				SDKROOT = iphoneos;
				SWIFT_ACTIVE_COMPILATION_CONDITIONS = DEBUG;
				SWIFT_OPTIMIZATION_LEVEL = "-Onone";
			};
			name = Debug;
		};
		F4CA942722D7AE61000E54AC /* Release */ = {
			isa = XCBuildConfiguration;
			buildSettings = {
				ALWAYS_SEARCH_USER_PATHS = NO;
				CLANG_ANALYZER_NONNULL = YES;
				CLANG_ANALYZER_NUMBER_OBJECT_CONVERSION = YES_AGGRESSIVE;
				CLANG_CXX_LANGUAGE_STANDARD = "gnu++14";
				CLANG_CXX_LIBRARY = "libc++";
				CLANG_ENABLE_MODULES = YES;
				CLANG_ENABLE_OBJC_ARC = YES;
				CLANG_ENABLE_OBJC_WEAK = YES;
				CLANG_WARN_BLOCK_CAPTURE_AUTORELEASING = YES;
				CLANG_WARN_BOOL_CONVERSION = YES;
				CLANG_WARN_COMMA = YES;
				CLANG_WARN_CONSTANT_CONVERSION = YES;
				CLANG_WARN_DEPRECATED_OBJC_IMPLEMENTATIONS = YES;
				CLANG_WARN_DIRECT_OBJC_ISA_USAGE = YES_ERROR;
				CLANG_WARN_DOCUMENTATION_COMMENTS = YES;
				CLANG_WARN_EMPTY_BODY = YES;
				CLANG_WARN_ENUM_CONVERSION = YES;
				CLANG_WARN_INFINITE_RECURSION = YES;
				CLANG_WARN_INT_CONVERSION = YES;
				CLANG_WARN_NON_LITERAL_NULL_CONVERSION = YES;
				CLANG_WARN_OBJC_IMPLICIT_RETAIN_SELF = YES;
				CLANG_WARN_OBJC_LITERAL_CONVERSION = YES;
				CLANG_WARN_OBJC_ROOT_CLASS = YES_ERROR;
				CLANG_WARN_RANGE_LOOP_ANALYSIS = YES;
				CLANG_WARN_STRICT_PROTOTYPES = YES;
				CLANG_WARN_SUSPICIOUS_MOVE = YES;
				CLANG_WARN_UNGUARDED_AVAILABILITY = YES_AGGRESSIVE;
				CLANG_WARN_UNREACHABLE_CODE = YES;
				CLANG_WARN__DUPLICATE_METHOD_MATCH = YES;
				CODE_SIGN_IDENTITY = "iPhone Developer";
				COPY_PHASE_STRIP = NO;
				DEBUG_INFORMATION_FORMAT = "dwarf-with-dsym";
				ENABLE_NS_ASSERTIONS = NO;
				ENABLE_STRICT_OBJC_MSGSEND = YES;
				GCC_C_LANGUAGE_STANDARD = gnu11;
				GCC_NO_COMMON_BLOCKS = YES;
				GCC_WARN_64_TO_32_BIT_CONVERSION = YES;
				GCC_WARN_ABOUT_RETURN_TYPE = YES_ERROR;
				GCC_WARN_UNDECLARED_SELECTOR = YES;
				GCC_WARN_UNINITIALIZED_AUTOS = YES_AGGRESSIVE;
				GCC_WARN_UNUSED_FUNCTION = YES;
				GCC_WARN_UNUSED_VARIABLE = YES;
				IPHONEOS_DEPLOYMENT_TARGET = 12.2;
				MTL_ENABLE_DEBUG_INFO = NO;
				MTL_FAST_MATH = YES;
				SDKROOT = iphoneos;
				SWIFT_COMPILATION_MODE = wholemodule;
				SWIFT_OPTIMIZATION_LEVEL = "-O";
				VALIDATE_PRODUCT = YES;
			};
			name = Release;
		};
		F4CA942922D7AE61000E54AC /* Debug */ = {
			isa = XCBuildConfiguration;
			buildSettings = {
				ASSETCATALOG_COMPILER_APPICON_NAME = AppIcon;
				CODE_SIGN_STYLE = Automatic;
				INFOPLIST_FILE = "Voice Assistant/Info.plist";
				LD_RUNPATH_SEARCH_PATHS = (
					"$(inherited)",
					"@executable_path/Frameworks",
				);
				PRODUCT_BUNDLE_IDENTIFIER = "com.abshirmohamed.Voice-Assistant";
				PRODUCT_NAME = "$(TARGET_NAME)";
				SWIFT_VERSION = 5.0;
				TARGETED_DEVICE_FAMILY = "1,2";
			};
			name = Debug;
		};
		F4CA942A22D7AE61000E54AC /* Release */ = {
			isa = XCBuildConfiguration;
			buildSettings = {
				ASSETCATALOG_COMPILER_APPICON_NAME = AppIcon;
				CODE_SIGN_STYLE = Automatic;
				INFOPLIST_FILE = "Voice Assistant/Info.plist";
				LD_RUNPATH_SEARCH_PATHS = (
					"$(inherited)",
					"@executable_path/Frameworks",
				);
				PRODUCT_BUNDLE_IDENTIFIER = "com.abshirmohamed.Voice-Assistant";
				PRODUCT_NAME = "$(TARGET_NAME)";
				SWIFT_VERSION = 5.0;
				TARGETED_DEVICE_FAMILY = "1,2";
			};
			name = Release;
		};
/* End XCBuildConfiguration section */

/* Begin XCConfigurationList section */
		F4CA941122D7AE60000E54AC /* Build configuration list for PBXProject "Voice Assistant" */ = {
			isa = XCConfigurationList;
			buildConfigurations = (
				F4CA942622D7AE61000E54AC /* Debug */,
				F4CA942722D7AE61000E54AC /* Release */,
			);
			defaultConfigurationIsVisible = 0;
			defaultConfigurationName = Release;
		};
		F4CA942822D7AE61000E54AC /* Build configuration list for PBXNativeTarget "Voice Assistant" */ = {
			isa = XCConfigurationList;
			buildConfigurations = (
				F4CA942922D7AE61000E54AC /* Debug */,
				F4CA942A22D7AE61000E54AC /* Release */,
			);
			defaultConfigurationIsVisible = 0;
			defaultConfigurationName = Release;
		};
/* End XCConfigurationList section */
	};
	rootObject = F4CA940E22D7AE60000E54AC /* Project object */;
}
